
Microsoft Visual Studio Solution File, Format Version 12.00
# Visual Studio 15
VisualStudioVersion = 15.0.26730.15
MinimumVisualStudioVersion = 10.0.40219.1
Project("{FAE04EC0-301F-11D3-BF4B-00C04F79EFBC}") = "PracticaEvaluativa06", "PracticaEvaluativa06\PracticaEvaluativa06.csproj", "{D3B8E9AB-84E6-4864-AA97-84A25A12326A}"
EndProject
Global
	GlobalSection(SolutionConfigurationPlatforms) = preSolution
		Debug|Any CPU = Debug|Any CPU
		Release|Any CPU = Release|Any CPU
	EndGlobalSection
	GlobalSection(ProjectConfigurationPlatforms) = postSolution
		{D3B8E9AB-84E6-4864-AA97-84A25A12326A}.Debug|Any CPU.ActiveCfg = Debug|Any CPU
		{D3B8E9AB-84E6-4864-AA97-84A25A12326A}.Debug|Any CPU.Build.0 = Debug|Any CPU
		{D3B8E9AB-84E6-4864-AA97-84A25A12326A}.Release|Any CPU.ActiveCfg = Release|Any CPU
		{D3B8E9AB-84E6-4864-AA97-84A25A12326A}.Release|Any CPU.Build.0 = Release|Any CPU
	EndGlobalSection
	GlobalSection(SolutionProperties) = preSolution
		HideSolutionNode = FALSE
	EndGlobalSection
	GlobalSection(ExtensibilityGlobals) = postSolution
		SolutionGuid = {38AB7EA8-D3C7-4ED9-B34B-BDDB93E95DA3}
	EndGlobalSection
EndGlobal
