
Microsoft Visual Studio Solution File, Format Version 12.00
# Visual Studio 15
VisualStudioVersion = 15.0.26730.15
MinimumVisualStudioVersion = 10.0.40219.1
Project("{FAE04EC0-301F-11D3-BF4B-00C04F79EFBC}") = "PracticaEvaluativa01", "PracticaEvaluativa01\PracticaEvaluativa01.csproj", "{F5CDDE9A-F253-4E3C-A981-F286640BE28E}"
EndProject
Global
	GlobalSection(SolutionConfigurationPlatforms) = preSolution
		Debug|Any CPU = Debug|Any CPU
		Release|Any CPU = Release|Any CPU
	EndGlobalSection
	GlobalSection(ProjectConfigurationPlatforms) = postSolution
		{F5CDDE9A-F253-4E3C-A981-F286640BE28E}.Debug|Any CPU.ActiveCfg = Debug|Any CPU
		{F5CDDE9A-F253-4E3C-A981-F286640BE28E}.Debug|Any CPU.Build.0 = Debug|Any CPU
		{F5CDDE9A-F253-4E3C-A981-F286640BE28E}.Release|Any CPU.ActiveCfg = Release|Any CPU
		{F5CDDE9A-F253-4E3C-A981-F286640BE28E}.Release|Any CPU.Build.0 = Release|Any CPU
	EndGlobalSection
	GlobalSection(SolutionProperties) = preSolution
		HideSolutionNode = FALSE
	EndGlobalSection
	GlobalSection(ExtensibilityGlobals) = postSolution
		SolutionGuid = {09A1EDE0-2BDD-4961-9CB7-D2B4DD719677}
	EndGlobalSection
EndGlobal
